version = 1
revision = 5
requires-python = "==3.13.*"
resolution-markers = [
    "sys_platform == 'win32'",
    "sys_platform == 'linux'",
]
supported-markers = [
    "sys_platform == 'win32'",
    "sys_platform == 'linux'",
]

[[package]]
name = "certifi"
version = "2026.7.22"
source = { registry = "https://pypi.org/simple" }
sdist = { url = "https://files.pythonhosted.org/packages/a3/c2/24167ea9858356b47a87a50d39908bfdb72ceeefe0041586e704e5376b3a/certifi-2026.7.22.tar.gz", hash = "sha256:741e2c3b351ddf169a738da9f2c048608ff7f2c5cc02f1ebc6b118bb090d5d55", size = 138112, upload-time = "2026-07-22T03:35:12.644Z" }
wheels = [
    { url = "https://files.pythonhosted.org/packages/0b/a7/71ac2cff56fec219ed242bb11b8efb69fcc4bec75db06fb7bfe35de520e6/certifi-2026.7.22-py3-none-any.whl", hash = "sha256:62f22742b58a1a33014a2b6b706588a8d7e2a88ae7bd1a6ebe8c992928483775", size = 136983, upload-time = "2026-07-22T03:35:11.276Z" },
]

[[package]]
name = "cffi"
version = "2.1.1"
source = { registry = "https://pypi.org/simple" }
dependencies = [
    { name = "pycparser", marker = "implementation_name != 'PyPy'" },
]
sdist = { url = "https://files.pythonhosted.org/packages/9e/ef/008a1939e372c06329a3fce4279c02f328488f3526744906eeec3da7ad5f/cffi-2.1.1.tar.gz", hash = "sha256:dd31f52ea1086513bb9df30f8fcee9b8918323ae067a3d5b78bc826a000712be", size = 530807, upload-time = "2026-08-03T21:21:18.939Z" }
wheels = [
    { url = "https://files.pythonhosted.org/packages/9d/f4/035513d4117049066b4779dc3b7c0c0fdad175fa13731c9f4003f1cd1478/cffi-2.1.1-cp313-cp313-ios_13_0_arm64_iphoneos.whl", hash = "sha256:b5bdfd1c873d4e093aabc0ca84c4ca6dbc4f752afb5c86f146d9742580c9da2e", size = 194248, upload-time = "2026-08-03T21:19:59.399Z" },
    { url = "https://files.pythonhosted.org/packages/76/af/2aeb4dbb5fc41a04161ae9ff1518de7cec08e164f44a8ce6a4cf7fd2cd1d/cffi-2.1.1-cp313-cp313-ios_13_0_arm64_iphonesimulator.whl", hash = "sha256:31348097ff5bbe827ccc41795d4dd099d9f0625e7def00ee653c137a490c2a6c", size = 196908, upload-time = "2026-08-03T21:20:00.746Z" },
    { url = "https://files.pythonhosted.org/packages/43/1f/1c3d90d91811c8f86ced9ed637956c54bfe5b79ca98fe976d7f8c8979f6b/cffi-2.1.1-cp313-cp313-manylinux1_i686.manylinux2014_i686.manylinux_2_17_i686.manylinux_2_5_i686.whl", hash = "sha256:6a8dddef476fab96d066d578fc88526767b836ab5ab21754e1d5bf3879c31c7c", size = 214722, upload-time = "2026-08-03T21:20:04.377Z" },
    { url = "https://files.pythonhosted.org/packages/37/6f/3b5ce4c3b2192d250f04908f2bfd91ef34552ec8f7716a5d4abdb8d67bb2/cffi-2.1.1-cp313-cp313-manylinux2014_aarch64.manylinux_2_17_aarch64.whl", hash = "sha256:f16c709686a78c727bbbf059f92b0bf41c6fc60deec706d2dc19f529175a6125", size = 222369, upload-time = "2026-08-03T21:20:05.544Z" },
    { url = "https://files.pythonhosted.org/packages/02/10/4b3c75dde3d9663c9e02ba05c2668b954f671d4bbe346413ca8c696b295a/cffi-2.1.1-cp313-cp313-manylinux2014_ppc64le.manylinux_2_17_ppc64le.whl", hash = "sha256:fcd22650c908d7b7da162bbfaab594a1227a15d1643a98c68b122ac642fa2264", size = 210175, upload-time = "2026-08-03T21:20:06.75Z" },
    { url = "https://files.pythonhosted.org/packages/df/62/14f74b9543e605d17701dc797b815958b8bb70b7624ce1b832ddad48ed6c/cffi-2.1.1-cp313-cp313-manylinux2014_s390x.manylinux_2_17_s390x.whl", hash = "sha256:aa9511c62d14da7aacc9b4bf51f3f697a621e83b2d6919008243c3aad168eea3", size = 208670, upload-time = "2026-08-03T21:20:08.04Z" },
    { url = "https://files.pythonhosted.org/packages/95/95/86342356ff5953b3fb06f7ef7c5bee212d45e770abc7218d451b9148313c/cffi-2.1.1-cp313-cp313-manylinux2014_x86_64.manylinux_2_17_x86_64.whl", hash = "sha256:a931079504ecc49efed7744c476a5c343a92fabf66dec2db95edb1b2fdc770e2", size = 221824, upload-time = "2026-08-03T21:20:09.274Z" },
    { url = "https://files.pythonhosted.org/packages/eb/ff/7b3429ff53aafe931ed8a5fc69f481bbef7ba6de87ddcbb63d08f483f613/cffi-2.1.1-cp313-cp313-musllinux_1_2_aarch64.whl", hash = "sha256:a2d7755bef5a12ed488f4ef1f1b69ee9191d7396083b755a5d2295f6edb4768b", size = 225148, upload-time = "2026-08-03T21:20:10.7Z" },
    { url = "https://files.pythonhosted.org/packages/34/34/a95870b9221e09cf4f2ce3178b1a210abdfe63a1bd357da940418d7b8d15/cffi-2.1.1-cp313-cp313-musllinux_1_2_x86_64.whl", hash = "sha256:e0bcb7e0f677f543555d2adff3bf19c05f66cdb4796e5ff602442ab2fe3c4ef7", size = 223564, upload-time = "2026-08-03T21:20:12.165Z" },
    { url = "https://files.pythonhosted.org/packages/70/ea/839b50531021a647fb5e929f72cf97bc1ff702b5472166164b5b6e76b851/cffi-2.1.1-cp313-cp313-win32.whl", hash = "sha256:334644fbac4eff73d985a17a91226df55d0f394160c4cfb880e084c8f7161cac", size = 175263, upload-time = "2026-08-03T21:20:13.559Z" },
    { url = "https://files.pythonhosted.org/packages/60/a6/8b149b2c3f2e11aaa1618ef64500b45f50f22c57a977a4dff1aff1f91042/cffi-2.1.1-cp313-cp313-win_amd64.whl", hash = "sha256:1aa5645c30469b09530c4ebca77ebf8f17618293c58f8549cb1a543a50236e7d", size = 185688, upload-time = "2026-08-03T21:20:14.69Z" },
    { url = "https://files.pythonhosted.org/packages/01/9a/11f687cb39d6a3504060d5242f04f48c735afb4d3d533958a20594890cb2/cffi-2.1.1-cp313-cp313-win_arm64.whl", hash = "sha256:63bbfd5ded17c4840ac07cd8f1c21ba9d9708141f840b324f422f41b207e3973", size = 180078, upload-time = "2026-08-03T21:20:15.917Z" },
]

[[package]]
name = "dengjen-nvda"
version = "0.0.0"
source = { virtual = "." }

[package.dev-dependencies]
codegen = [
    { name = "grpcio-tools" },
]
vendor = [
    { name = "certifi" },
    { name = "cffi" },
    { name = "grpcio" },
    { name = "miniaudio" },
    { name = "mureq" },
    { name = "protobuf" },
    { name = "psutil" },
    { name = "pycparser" },
]

[package.metadata]

[package.metadata.requires-dev]
codegen = [{ name = "grpcio-tools", specifier = "==1.84.*" }]
vendor = [
    { name = "certifi" },
    { name = "cffi", specifier = "==2.1.1" },
    { name = "grpcio", specifier = ">=1.84" },
    { name = "miniaudio", specifier = "==1.71" },
    { name = "mureq", specifier = "==0.3.0" },
    { name = "protobuf", specifier = ">=7.35.1,<8" },
    { name = "psutil", specifier = "==7.2.2" },
    { name = "pycparser", specifier = "==3.0" },
]

[[package]]
name = "grpcio"
version = "1.84.0"
source = { registry = "https://pypi.org/simple" }
dependencies = [
    { name = "typing-extensions" },
]
sdist = { url = "https://files.pythonhosted.org/packages/3f/4f/4435c0aae54657258d9cfcba78598f3d9e5fe4c82ff18d78558567b90faf/grpcio-1.84.0.tar.gz", hash = "sha256:19aaf172fc2edbefccce3f6e92c5150975dbe56c45744e9e87cf72ebdf85bfbe", size = 13493876, upload-time = "2026-09-14T06:59:33.291Z" }
wheels = [
    { url = "https://files.pythonhosted.org/packages/5d/51/40f99701adb01d4e5316a2aaf13838da1a24d5c879cd8c95156d7c364454/grpcio-1.84.0-cp313-cp313-linux_armv7l.whl", hash = "sha256:209414080da8c20af94df1395b635da52dd57b5edc9e917e1deca0dc1c4bb55e", size = 6427619, upload-time = "2026-09-14T06:58:06.025Z" },
    { url = "https://files.pythonhosted.org/packages/d3/50/00165b05cd73f45996748ea67ce9e55d08936f2fea94a7fd8541cc2d0e54/grpcio-1.84.0-cp313-cp313-manylinux2014_aarch64.manylinux_2_17_aarch64.whl", hash = "sha256:fff5ef3fe1bba7d6147e5f19e01e5e122ac2c076486887ddcb8d42e663400fbe", size = 6989458, upload-time = "2026-09-14T06:58:11.884Z" },
    { url = "https://files.pythonhosted.org/packages/26/38/d0486230e684d916f97429a53041db88410e662a38f2a8d09e2d90375840/grpcio-1.84.0-cp313-cp313-manylinux2014_i686.manylinux_2_17_i686.whl", hash = "sha256:b8c62888c3e49debf37ad9773e3c02f77b0c1e811f8fb0962f2b6c3bbab5b97a", size = 7757778, upload-time = "2026-09-14T06:58:14.849Z" },
    { url = "https://files.pythonhosted.org/packages/da/56/548a643decb059ca244499c675ae2c13a15f523ba94592c2774bd80a13c1/grpcio-1.84.0-cp313-cp313-manylinux2014_x86_64.manylinux_2_17_x86_64.whl", hash = "sha256:986e9751d416d7a6eaa2fecdac38da63153d63a4b340ba7d624889c490451500", size = 7159572, upload-time = "2026-09-14T06:58:17.87Z" },
    { url = "https://files.pythonhosted.org/packages/db/f5/42caac81a79ec680f1f7a8eaf7ca90d2f93936ce0c3a073141ba96757f77/grpcio-1.84.0-cp313-cp313-musllinux_1_2_aarch64.whl", hash = "sha256:5933a052946873d01a42119a05420d669bdca436aeba2d1851988ccb12b421c0", size = 7710547, upload-time = "2026-09-14T06:58:20.607Z" },
    { url = "https://files.pythonhosted.org/packages/57/a4/828ad990b2410fee0a55cc73aa1bf98eb5b911c54847374ef4f24b9e877b/grpcio-1.84.0-cp313-cp313-musllinux_1_2_i686.whl", hash = "sha256:e094dd21f077af8194923fc263cad872eaa1802bb0156fd7e5ae18e99cd86715", size = 8761519, upload-time = "2026-09-14T06:58:23.875Z" },
    { url = "https://files.pythonhosted.org/packages/d5/a5/1f91af098919eaf5d80d5a61126ad9fae074e5190c25a3014ce1d8d0d890/grpcio-1.84.0-cp313-cp313-musllinux_1_2_x86_64.whl", hash = "sha256:08735e3d08d24ab3132cf87e2e5dea8746cabcc7d676c2b0b7362f195feef9d9", size = 8121424, upload-time = "2026-09-14T06:58:27.006Z" },
    { url = "https://files.pythonhosted.org/packages/8c/8f/77fd4a7a913b636785479922349c4cb98d94d05d15652e556b3ca0df6663/grpcio-1.84.0-cp313-cp313-win32.whl", hash = "sha256:70bb4ce8be0c5606bec259cbd7152374470396413b7863a658a08c849e6b29ff", size = 4477974, upload-time = "2026-09-14T06:58:29.528Z" },
    { url = "https://files.pythonhosted.org/packages/d0/9a/1fa59ddbfc8898e5518d1447e46f771f387f0ed6132ad531395338e51a5c/grpcio-1.84.0-cp313-cp313-win_amd64.whl", hash = "sha256:b61692f0069b3eee2fc8a3a1b7f6c044df9e03fede6ce69b3ca832e1c39f26c5", size = 5255326, upload-time = "2026-09-14T06:58:31.781Z" },
]

[[package]]
name = "grpcio-tools"
version = "1.84.0"
source = { registry = "https://pypi.org/simple" }
dependencies = [
    { name = "grpcio" },
    { name = "protobuf" },
    { name = "setuptools" },
]
sdist = { url = "https://files.pythonhosted.org/packages/cd/db/a5dba38d7ff7711d1ad05f2b43751bd0e9f234fae7c89df1846a9de034f9/grpcio_tools-1.84.0.tar.gz", hash = "sha256:210ac5ac9803569490ec33574b7e995bc087815b00d9b777e0134cab5ed9a379", size = 6401750, upload-time = "2026-09-14T07:03:45.725Z" }
wheels = [
    { url = "https://files.pythonhosted.org/packages/c1/58/688e987d701d3673e6013adeb7c3d40f5886a79bc5fe3d2c462f13447cf3/grpcio_tools-1.84.0-cp313-cp313-linux_armv7l.whl", hash = "sha256:7a34eee4038b8a92c4d2bd56ff6a68b7debb0e80fdd9a1f2dc77895525da2bc3", size = 2652846, upload-time = "2026-09-14T07:02:23.065Z" },
    { url = "https://files.pythonhosted.org/packages/66/55/41dc86dd98fb5a8b620e47d2343030243bf80411d8da372ee1554c75b667/grpcio_tools-1.84.0-cp313-cp313-manylinux2014_aarch64.manylinux_2_17_aarch64.whl", hash = "sha256:b8c6d43a94a22a4a4630b112366fb01bebd4e3e2ac7519ee171268c8804f4e05", size = 2705097, upload-time = "2026-09-14T07:02:28.344Z" },
    { url = "https://files.pythonhosted.org/packages/58/45/7a7c5e80a122990d61b0ff6603d3aaf1952de1faf4b2d2e7a6445d5bd894/grpcio_tools-1.84.0-cp313-cp313-manylinux2014_i686.manylinux_2_17_i686.whl", hash = "sha256:0130a41b311c5352fa7ab1e21da63b59db0af6559205d41c384099fc4c59f0be", size = 3033063, upload-time = "2026-09-14T07:02:30.636Z" },
    { url = "https://files.pythonhosted.org/packages/fd/a8/169ee6a6eb3225892c6be243452161b016f3bbd93fc555857dbb70d5939c/grpcio_tools-1.84.0-cp313-cp313-manylinux2014_x86_64.manylinux_2_17_x86_64.whl", hash = "sha256:fad2e65eed6e98ca01046bd8a47e446c7f760af89f2a958a497d61da203f9fd8", size = 2773655, upload-time = "2026-09-14T07:02:33.092Z" },
    { url = "https://files.pythonhosted.org/packages/ef/c1/41f67a4ce7c221810d515f7c384e2efbe3b547209b6686c018e9a4e54375/grpcio_tools-1.84.0-cp313-cp313-musllinux_1_2_aarch64.whl", hash = "sha256:770f7c400339350e47abca5a874e5ddce9dfb313e9994af79af52482862bcb38", size = 3229788, upload-time = "2026-09-14T07:02:35.493Z" },
    { url = "https://files.pythonhosted.org/packages/bf/64/dcdfb115bfc0fa1c2659fa48c8b743cdb45d74c93d5e1a490665152ce068/grpcio_tools-1.84.0-cp313-cp313-musllinux_1_2_i686.whl", hash = "sha256:ee0609bc149bfe0b0e974ad2c3b30facc8fde16cb6c142ebaf9b5c3ffb428f97", size = 3802534, upload-time = "2026-09-14T07:02:38.172Z" },
    { url = "https://files.pythonhosted.org/packages/cd/47/2f36195b5c59cab8b8388c0e9d1383dfbc48a816db033789bd96692ab3d5/grpcio_tools-1.84.0-cp313-cp313-musllinux_1_2_x86_64.whl", hash = "sha256:6cf4be6baf5f932950ec24c8ccd9284b6fa46e5b275aeb4789d7fe50a8452611", size = 3461034, upload-time = "2026-09-14T07:02:40.764Z" },
    { url = "https://files.pythonhosted.org/packages/07/99/2956e79ccf82f225fe4e03835ff72bd673a95cd0e1541259b3964ffc2214/grpcio_tools-1.84.0-cp313-cp313-win32.whl", hash = "sha256:bd034763ecf817c3e97a9aeb1e5c5006389c06644973595af5f3a32a1e738c37", size = 1022115, upload-time = "2026-09-14T07:02:43.1Z" },
    { url = "https://files.pythonhosted.org/packages/71/01/89a1d1f00801f892142ed31f28a2f325ce682b02bc294abf2ea8e951d205/grpcio_tools-1.84.0-cp313-cp313-win_amd64.whl", hash = "sha256:2d1e701bd77282618e76898b7dfe05094201c679ccb0b321fff2985d0fdb2e3f", size = 1191934, upload-time = "2026-09-14T07:02:45.829Z" },
]

[[package]]
name = "miniaudio"
version = "1.71"
source = { registry = "https://pypi.org/simple" }
dependencies = [
    { name = "cffi" },
]
sdist = { url = "https://files.pythonhosted.org/packages/d8/d5/e5439dc08561f73656bfeb3340fc64ab63163e101426593d8fb9a025ff1e/miniaudio-1.71.tar.gz", hash = "sha256:ff51e2887bb673e2e757752b586b3dc924d59aa5fbcae9bbc45f4a111bd3262b", size = 1116480, upload-time = "2026-04-29T21:20:38.182Z" }
wheels = [
    { url = "https://files.pythonhosted.org/packages/46/24/5873a569451cae5686fb656ebd78ffe0b5eebe48ca21ef61e227d237d20a/miniaudio-1.71-cp313-cp313-manylinux_2_24_x86_64.manylinux_2_28_x86_64.whl", hash = "sha256:12bc33e7e61072b4b541c14e10ef76119d5643e6bbb98e2dec0c0738889438fb", size = 643552, upload-time = "2026-04-29T21:20:26.211Z" },
    { url = "https://files.pythonhosted.org/packages/90/9b/25785525e6b5ff9afd7f4c4279215dc09c3317ea4d837275b1ae17912b36/miniaudio-1.71-cp313-cp313-musllinux_1_2_x86_64.whl", hash = "sha256:70fa2ea5353e6919aca59b8c5768144af009d18c3bca251749d66fb497424563", size = 645171, upload-time = "2026-04-29T21:20:27.494Z" },
    { url = "https://files.pythonhosted.org/packages/b1/6d/cbfd55fdc40256231f7b0c861e2bf79cc289bfbbe5e15869317944e6d673/miniaudio-1.71-cp313-cp313-win32.whl", hash = "sha256:1bf93aeede652926f27f430f0fd69ef0cf8a949c07b537d6a2f295602c747037", size = 235088, upload-time = "2026-04-29T21:20:29.031Z" },
    { url = "https://files.pythonhosted.org/packages/8d/8d/d5059c04b247b1079c0e48914a9ec20352910a3b9373060fb258dfd194ab/miniaudio-1.71-cp313-cp313-win_amd64.whl", hash = "sha256:4c849ccb1349f7b3553a77a66fe7e972315185f5c4c44a0bbda7ebcdd224db37", size = 274247, upload-time = "2026-04-29T21:20:29.96Z" },
]

[[package]]
name = "mureq"
version = "0.3.0"
source = { registry = "https://pypi.org/simple" }
sdist = { url = "https://files.pythonhosted.org/packages/b0/15/41499deca7fd5428f0010c88ca5ed094c38a216f6a474481dcf49878eea1/mureq-0.3.0.tar.gz", hash = "sha256:141d20e96cb4ace49d9736922c428010fe28c1ed71b143af38a31077d71a9f21", size = 22031, upload-time = "2026-03-18T05:47:50.415Z" }
wheels = [
    { url = "https://files.pythonhosted.org/packages/5c/8c/6d147e3283a085dd9e81a904b8cacd8a54369cbad4f8878c793260d6b633/mureq-0.3.0-py3-none-any.whl", hash = "sha256:d0239f990a54e40fda3a688f1a3e459641d90968682af386735e29061a27794c", size = 11141, upload-time = "2026-03-18T05:44:00.591Z" },
]

[[package]]
name = "protobuf"
version = "7.36.2"
source = { registry = "https://pypi.org/simple" }
sdist = { url = "https://files.pythonhosted.org/packages/d9/89/5b8517baa72f84a67b8a307ba953c91057af618bf40bf676f3c03551f8f0/protobuf-7.36.2.tar.gz", hash = "sha256:497d0463ff3316681da6c0b9e8d06cb465d61abce00b613ab42226175644d1bb", size = 512737, upload-time = "2026-09-17T20:07:59.326Z" }
wheels = [
    { url = "https://files.pythonhosted.org/packages/b6/ea/91fdf7c2b8bbd49cde056f00a9df6773532987e1c00fe2830b895af95c7e/protobuf-7.36.2-cp310-abi3-manylinux2014_aarch64.whl", hash = "sha256:e11e1f0180583a2af89db6a2ecd9e8dc40aa6d2988ca175bfd0e6d12ea72d74e", size = 344219, upload-time = "2026-09-17T20:07:52.914Z" },
    { url = "https://files.pythonhosted.org/packages/17/ab/5fd5f8ece73fad885c5a09aa849b32d70472f954ba3a92d3bb5974ea953b/protobuf-7.36.2-cp310-abi3-manylinux2014_s390x.whl", hash = "sha256:f4fee11ec330d238b34a05c9b675f693c20415d1c5bd7d5320cc2f8a798eb9cf", size = 357223, upload-time = "2026-09-17T20:07:53.985Z" },
    { url = "https://files.pythonhosted.org/packages/db/f3/3996583dd2906297a637af12114deddf7658af6e683fedb83be061983fb5/protobuf-7.36.2-cp310-abi3-manylinux2014_x86_64.whl", hash = "sha256:89f23aa53c24553a2416fd4fd1ec06f74fa42b14b546d8883128813f775bbfd2", size = 343223, upload-time = "2026-09-17T20:07:54.931Z" },
    { url = "https://files.pythonhosted.org/packages/fc/1b/dcc64f358fcb51811b58ae40b3d28f820725f116d86487cc20bd4b130701/protobuf-7.36.2-cp310-abi3-win32.whl", hash = "sha256:912c1221170e16c08d1f086762f563dd61ff83c18b5fa6652952dfaded66f728", size = 442998, upload-time = "2026-09-17T20:07:55.826Z" },
    { url = "https://files.pythonhosted.org/packages/8a/55/b77bda4e5e5f5971fb51b07663694690e9afdb9402136c16a522bd621cad/protobuf-7.36.2-cp310-abi3-win_amd64.whl", hash = "sha256:a300819d441e078a5608c0d3c709796bb548136058fda017ae51d425b44fd353", size = 456514, upload-time = "2026-09-17T20:07:57.188Z" },
    { url = "https://files.pythonhosted.org/packages/e4/04/d52c7016b04b6c5108f26691f9d33ec82a9b65d041f1a9c771137693d618/protobuf-7.36.2-py3-none-any.whl", hash = "sha256:bdb3a345d48db958e6ce1f18e508beb0cc981d64f24088427549c866cd039f1e", size = 179806, upload-time = "2026-09-17T20:07:58.211Z" },
]

[[package]]
name = "psutil"
version = "7.2.2"
source = { registry = "https://pypi.org/simple" }
sdist = { url = "https://files.pythonhosted.org/packages/aa/c6/d1ddf4abb55e93cebc4f2ed8b5d6dbad109ecb8d63748dd2b20ab5e57ebe/psutil-7.2.2.tar.gz", hash = "sha256:0746f5f8d406af344fd547f1c8daa5f5c33dbc293bb8d6a16d80b4bb88f59372", size = 493740, upload-time = "2026-01-28T18:14:54.428Z" }
wheels = [
    { url = "https://files.pythonhosted.org/packages/37/d6/246513fbf9fa174af531f28412297dd05241d97a75911ac8febefa1a53c6/psutil-7.2.2-cp313-cp313t-manylinux2010_x86_64.manylinux_2_12_x86_64.manylinux_2_28_x86_64.whl", hash = "sha256:1a571f2330c966c62aeda00dd24620425d4b0cc86881c89861fbc04549e5dc63", size = 181476, upload-time = "2026-01-28T18:15:01.884Z" },
    { url = "https://files.pythonhosted.org/packages/b8/b5/9182c9af3836cca61696dabe4fd1304e17bc56cb62f17439e1154f225dd3/psutil-7.2.2-cp313-cp313t-manylinux2014_aarch64.manylinux_2_17_aarch64.manylinux_2_28_aarch64.whl", hash = "sha256:917e891983ca3c1887b4ef36447b1e0873e70c933afc831c6b6da078ba474312", size = 184062, upload-time = "2026-01-28T18:15:04.436Z" },
    { url = "https://files.pythonhosted.org/packages/16/ba/0756dca669f5a9300d0cbcbfae9a4c30e446dfc7440ffe43ded5724bfd93/psutil-7.2.2-cp313-cp313t-win_amd64.whl", hash = "sha256:ab486563df44c17f5173621c7b198955bd6b613fb87c71c161f827d3fb149a9b", size = 139893, upload-time = "2026-01-28T18:15:06.378Z" },
    { url = "https://files.pythonhosted.org/packages/1c/61/8fa0e26f33623b49949346de05ec1ddaad02ed8ba64af45f40a147dbfa97/psutil-7.2.2-cp313-cp313t-win_arm64.whl", hash = "sha256:ae0aefdd8796a7737eccea863f80f81e468a1e4cf14d926bd9b6f5f2d5f90ca9", size = 135589, upload-time = "2026-01-28T18:15:08.03Z" },
    { url = "https://files.pythonhosted.org/packages/b5/70/5d8df3b09e25bce090399cf48e452d25c935ab72dad19406c77f4e828045/psutil-7.2.2-cp36-abi3-manylinux2010_x86_64.manylinux_2_12_x86_64.manylinux_2_28_x86_64.whl", hash = "sha256:076a2d2f923fd4821644f5ba89f059523da90dc9014e85f8e45a5774ca5bc6f9", size = 155560, upload-time = "2026-01-28T18:15:25.976Z" },
    { url = "https://files.pythonhosted.org/packages/63/65/37648c0c158dc222aba51c089eb3bdfa238e621674dc42d48706e639204f/psutil-7.2.2-cp36-abi3-manylinux2014_aarch64.manylinux_2_17_aarch64.manylinux_2_28_aarch64.whl", hash = "sha256:b0726cecd84f9474419d67252add4ac0cd9811b04d61123054b9fb6f57df6e9e", size = 156997, upload-time = "2026-01-28T18:15:27.794Z" },
    { url = "https://files.pythonhosted.org/packages/8e/13/125093eadae863ce03c6ffdbae9929430d116a246ef69866dad94da3bfbc/psutil-7.2.2-cp36-abi3-musllinux_1_2_aarch64.whl", hash = "sha256:fd04ef36b4a6d599bbdb225dd1d3f51e00105f6d48a28f006da7f9822f2606d8", size = 148972, upload-time = "2026-01-28T18:15:29.342Z" },
    { url = "https://files.pythonhosted.org/packages/04/78/0acd37ca84ce3ddffaa92ef0f571e073faa6d8ff1f0559ab1272188ea2be/psutil-7.2.2-cp36-abi3-musllinux_1_2_x86_64.whl", hash = "sha256:b58fabe35e80b264a4e3bb23e6b96f9e45a3df7fb7eed419ac0e5947c61e47cc", size = 148266, upload-time = "2026-01-28T18:15:31.597Z" },
    { url = "https://files.pythonhosted.org/packages/b4/90/e2159492b5426be0c1fef7acba807a03511f97c5f86b3caeda6ad92351a7/psutil-7.2.2-cp37-abi3-win_amd64.whl", hash = "sha256:eb7e81434c8d223ec4a219b5fc1c47d0417b12be7ea866e24fb5ad6e84b3d988", size = 137737, upload-time = "2026-01-28T18:15:33.849Z" },
    { url = "https://files.pythonhosted.org/packages/8c/c7/7bb2e321574b10df20cbde462a94e2b71d05f9bbda251ef27d104668306a/psutil-7.2.2-cp37-abi3-win_arm64.whl", hash = "sha256:8c233660f575a5a89e6d4cb65d9f938126312bca76d8fe087b947b3a1aaac9ee", size = 134617, upload-time = "2026-01-28T18:15:36.514Z" },
]

[[package]]
name = "pycparser"
version = "3.0"
source = { registry = "https://pypi.org/simple" }
sdist = { url = "https://files.pythonhosted.org/packages/1b/7d/92392ff7815c21062bea51aa7b87d45576f649f16458d78b7cf94b9ab2e6/pycparser-3.0.tar.gz", hash = "sha256:600f49d217304a5902ac3c37e1281c9fe94e4d0489de643a9504c5cdfdfc6b29", size = 103492, upload-time = "2026-01-21T14:26:51.89Z" }
wheels = [
    { url = "https://files.pythonhosted.org/packages/0c/c3/44f3fbbfa403ea2a7c779186dc20772604442dde72947e7d01069cbe98e3/pycparser-3.0-py3-none-any.whl", hash = "sha256:b727414169a36b7d524c1c3e31839a521725078d7b2ff038656844266160a992", size = 48172, upload-time = "2026-01-21T14:26:50.693Z" },
]

[[package]]
name = "setuptools"
version = "84.0.0"
source = { registry = "https://pypi.org/simple" }
sdist = { url = "https://files.pythonhosted.org/packages/6d/44/f5da03a8ef95d369145c5bb53050e7877c9f3d312e128605fd9504829143/setuptools-84.0.0.tar.gz", hash = "sha256:f4695c21257f0d9b537ec2692c941d02ee143b7cc1276941349a546573b2ef73", size = 1168449, upload-time = "2026-08-08T18:27:58.365Z" }
wheels = [
    { url = "https://files.pythonhosted.org/packages/95/9c/c510029fc6ef33a6275cd2c5d3cecd6613dfd6aa401d57c54f1c18852ccf/setuptools-84.0.0-py3-none-any.whl", hash = "sha256:51a52592b3b99e102b609654876bd65f19f999935166d1352678931132b0c670", size = 818216, upload-time = "2026-08-08T18:27:56.719Z" },
]

[[package]]
name = "typing-extensions"
version = "4.16.0"
source = { registry = "https://pypi.org/simple" }
sdist = { url = "https://files.pythonhosted.org/packages/f6/cc/6253133b5bb138fc3306cebfbda2c520f545d36b5be2c7255cc528bb45d6/typing_extensions-4.16.0.tar.gz", hash = "sha256:dc983d19a509c94dba722ee6abd33940f7c05a89e243c47e907eb4db6f1a43e5", size = 113555, upload-time = "2026-07-02T08:40:05.92Z" }
wheels = [
    { url = "https://files.pythonhosted.org/packages/49/d3/b8441a820a491ddfc024b0b0cf0393375b75ea13866d9c66727e54c2fc80/typing_extensions-4.16.0-py3-none-any.whl", hash = "sha256:481caa481374e813c1b176ada14e97f1f67a4539ce9cfeb3f350d78d6370c2e8", size = 45571, upload-time = "2026-07-02T08:40:04.659Z" },
]
